// !$*UTF8*$!
{
	archiveVersion = 1;
	classes = {
	};
	objectVersion = 50;
	objects = {

/* Begin PBXBuildFile section */
		5E152C6A93644D0207EC89E8 /* Pods_Ad_Demo.framework in Frameworks */ = {isa = PBXBuildFile; fileRef = 90F052FC16C3820729F3D968 /* Pods_Ad_Demo.framework */; };
		AB3C7F3D211A89E300350DD4 /* PresentationController.swift in Sources */ = {isa = PBXBuildFile; fileRef = AB3C7F3C211A89E300350DD4 /* PresentationController.swift */; };
		AB3C7F3F211A92C000350DD4 /* PresentationCell.swift in Sources */ = {isa = PBXBuildFile; fileRef = AB3C7F3E211A92C000350DD4 /* PresentationCell.swift */; };
		AB3C7F41211C90DC00350DD4 /* PresentationConstants.swift in Sources */ = {isa = PBXBuildFile; fileRef = AB3C7F40211C90DC00350DD4 /* PresentationConstants.swift */; };
		AB3C7F44211CCD8D00350DD4 /* EventDetailView.swift in Sources */ = {isa = PBXBuildFile; fileRef = AB3C7F43211CCD8D00350DD4 /* EventDetailView.swift */; };
		AB9132162110AC1E005E8156 /* AppDelegate.swift in Sources */ = {isa = PBXBuildFile; fileRef = AB9132152110AC1E005E8156 /* AppDelegate.swift */; };
		AB9132182110AC1E005E8156 /* CategoryController.swift in Sources */ = {isa = PBXBuildFile; fileRef = AB9132172110AC1E005E8156 /* CategoryController.swift */; };
		AB91321B2110AC1E005E8156 /* Main.storyboard in Resources */ = {isa = PBXBuildFile; fileRef = AB9132192110AC1E005E8156 /* Main.storyboard */; };
		AB91321D2110AC20005E8156 /* Assets.xcassets in Resources */ = {isa = PBXBuildFile; fileRef = AB91321C2110AC20005E8156 /* Assets.xcassets */; };
		AB9132202110AC20005E8156 /* LaunchScreen.storyboard in Resources */ = {isa = PBXBuildFile; fileRef = AB91321E2110AC20005E8156 /* LaunchScreen.storyboard */; };
		AB9132282110BB99005E8156 /* CategoryCell.swift in Sources */ = {isa = PBXBuildFile; fileRef = AB9132272110BB99005E8156 /* CategoryCell.swift */; };
		AB9132302110F628005E8156 /* CardsController.swift in Sources */ = {isa = PBXBuildFile; fileRef = AB91322F2110F628005E8156 /* CardsController.swift */; };
		AB913232211103B1005E8156 /* CardCell.swift in Sources */ = {isa = PBXBuildFile; fileRef = AB913231211103B1005E8156 /* CardCell.swift */; };
		AB95CE9F2112474E009184BF /* Extensions.swift in Sources */ = {isa = PBXBuildFile; fileRef = AB95CE9E2112474E009184BF /* Extensions.swift */; };
		AB95CEA1211255BC009184BF /* GoogleService-Info.plist in Resources */ = {isa = PBXBuildFile; fileRef = AB95CEA0211255BC009184BF /* GoogleService-Info.plist */; };
		AB95CEA321125B8B009184BF /* Card.swift in Sources */ = {isa = PBXBuildFile; fileRef = AB95CEA221125B8B009184BF /* Card.swift */; };
		AB95CEA521128DDD009184BF /* Firebase Uploader.swift in Sources */ = {isa = PBXBuildFile; fileRef = AB95CEA421128DDD009184BF /* Firebase Uploader.swift */; };
		AB95CEA721129317009184BF /* Firebase URLGetter.swift in Sources */ = {isa = PBXBuildFile; fileRef = AB95CEA621129317009184BF /* Firebase URLGetter.swift */; };
		AB95CEA92113C264009184BF /* EventsController.swift in Sources */ = {isa = PBXBuildFile; fileRef = AB95CEA82113C264009184BF /* EventsController.swift */; };
		AB95CEAB2113C603009184BF /* EventCell.swift in Sources */ = {isa = PBXBuildFile; fileRef = AB95CEAA2113C603009184BF /* EventCell.swift */; };
		AB95CEAD2114A3A6009184BF /* MuseumCardCell.swift in Sources */ = {isa = PBXBuildFile; fileRef = AB95CEAC2114A3A6009184BF /* MuseumCardCell.swift */; };
		AB95CEAF2114A438009184BF /* MuseumController.swift in Sources */ = {isa = PBXBuildFile; fileRef = AB95CEAE2114A438009184BF /* MuseumController.swift */; };
/* End PBXBuildFile section */

/* Begin PBXFileReference section */
		647179A7DE0D30CB51BD2586 /* Pods-Ad Demo.debug.xcconfig */ = {isa = PBXFileReference; includeInIndex = 1; lastKnownFileType = text.xcconfig; name = "Pods-Ad Demo.debug.xcconfig"; path = "Pods/Target Support Files/Pods-Ad Demo/Pods-Ad Demo.debug.xcconfig"; sourceTree = "<group>"; };
		75014E4CDA26D797F19DCC5F /* Pods-Ad Demo.release.xcconfig */ = {isa = PBXFileReference; includeInIndex = 1; lastKnownFileType = text.xcconfig; name = "Pods-Ad Demo.release.xcconfig"; path = "Pods/Target Support Files/Pods-Ad Demo/Pods-Ad Demo.release.xcconfig"; sourceTree = "<group>"; };
		90F052FC16C3820729F3D968 /* Pods_Ad_Demo.framework */ = {isa = PBXFileReference; explicitFileType = wrapper.framework; includeInIndex = 0; path = Pods_Ad_Demo.framework; sourceTree = BUILT_PRODUCTS_DIR; };
		AB3C7F3C211A89E300350DD4 /* PresentationController.swift */ = {isa = PBXFileReference; lastKnownFileType = sourcecode.swift; path = PresentationController.swift; sourceTree = "<group>"; };
		AB3C7F3E211A92C000350DD4 /* PresentationCell.swift */ = {isa = PBXFileReference; lastKnownFileType = sourcecode.swift; path = PresentationCell.swift; sourceTree = "<group>"; };
		AB3C7F40211C90DC00350DD4 /* PresentationConstants.swift */ = {isa = PBXFileReference; lastKnownFileType = sourcecode.swift; name = PresentationConstants.swift; path = "/Users/johnallen/Desktop/Beacon Projects/Ad Demo/Ad Demo/PresentationConstants.swift"; sourceTree = "<absolute>"; };
		AB3C7F43211CCD8D00350DD4 /* EventDetailView.swift */ = {isa = PBXFileReference; lastKnownFileType = sourcecode.swift; path = EventDetailView.swift; sourceTree = "<group>"; };
		AB9132122110AC1E005E8156 /* Ad Demo.app */ = {isa = PBXFileReference; explicitFileType = wrapper.application; includeInIndex = 0; path = "Ad Demo.app"; sourceTree = BUILT_PRODUCTS_DIR; };
		AB9132152110AC1E005E8156 /* AppDelegate.swift */ = {isa = PBXFileReference; lastKnownFileType = sourcecode.swift; path = AppDelegate.swift; sourceTree = "<group>"; };
		AB9132172110AC1E005E8156 /* CategoryController.swift */ = {isa = PBXFileReference; lastKnownFileType = sourcecode.swift; path = CategoryController.swift; sourceTree = "<group>"; };
		AB91321A2110AC1E005E8156 /* Base */ = {isa = PBXFileReference; lastKnownFileType = file.storyboard; name = Base; path = Base.lproj/Main.storyboard; sourceTree = "<group>"; };
		AB91321C2110AC20005E8156 /* Assets.xcassets */ = {isa = PBXFileReference; lastKnownFileType = folder.assetcatalog; path = Assets.xcassets; sourceTree = "<group>"; };
		AB91321F2110AC20005E8156 /* Base */ = {isa = PBXFileReference; lastKnownFileType = file.storyboard; name = Base; path = Base.lproj/LaunchScreen.storyboard; sourceTree = "<group>"; };
		AB9132212110AC20005E8156 /* Info.plist */ = {isa = PBXFileReference; lastKnownFileType = text.plist.xml; path = Info.plist; sourceTree = "<group>"; };
		AB9132272110BB99005E8156 /* CategoryCell.swift */ = {isa = PBXFileReference; lastKnownFileType = sourcecode.swift; path = CategoryCell.swift; sourceTree = "<group>"; };
		AB91322F2110F628005E8156 /* CardsController.swift */ = {isa = PBXFileReference; lastKnownFileType = sourcecode.swift; path = CardsController.swift; sourceTree = "<group>"; };
		AB913231211103B1005E8156 /* CardCell.swift */ = {isa = PBXFileReference; lastKnownFileType = sourcecode.swift; path = CardCell.swift; sourceTree = "<group>"; };
		AB95CE9E2112474E009184BF /* Extensions.swift */ = {isa = PBXFileReference; lastKnownFileType = sourcecode.swift; path = Extensions.swift; sourceTree = "<group>"; };
		AB95CEA0211255BC009184BF /* GoogleService-Info.plist */ = {isa = PBXFileReference; fileEncoding = 4; lastKnownFileType = text.plist.xml; path = "GoogleService-Info.plist"; sourceTree = "<group>"; };
		AB95CEA221125B8B009184BF /* Card.swift */ = {isa = PBXFileReference; lastKnownFileType = sourcecode.swift; path = Card.swift; sourceTree = "<group>"; };
		AB95CEA421128DDD009184BF /* Firebase Uploader.swift */ = {isa = PBXFileReference; lastKnownFileType = sourcecode.swift; path = "Firebase Uploader.swift"; sourceTree = "<group>"; };
		AB95CEA621129317009184BF /* Firebase URLGetter.swift */ = {isa = PBXFileReference; lastKnownFileType = sourcecode.swift; path = "Firebase URLGetter.swift"; sourceTree = "<group>"; };
		AB95CEA82113C264009184BF /* EventsController.swift */ = {isa = PBXFileReference; lastKnownFileType = sourcecode.swift; path = EventsController.swift; sourceTree = "<group>"; };
		AB95CEAA2113C603009184BF /* EventCell.swift */ = {isa = PBXFileReference; lastKnownFileType = sourcecode.swift; path = EventCell.swift; sourceTree = "<group>"; };
		AB95CEAC2114A3A6009184BF /* MuseumCardCell.swift */ = {isa = PBXFileReference; lastKnownFileType = sourcecode.swift; path = MuseumCardCell.swift; sourceTree = "<group>"; };
		AB95CEAE2114A438009184BF /* MuseumController.swift */ = {isa = PBXFileReference; lastKnownFileType = sourcecode.swift; path = MuseumController.swift; sourceTree = "<group>"; };
/* End PBXFileReference section */

/* Begin PBXFrameworksBuildPhase section */
		AB91320F2110AC1E005E8156 /* Frameworks */ = {
			isa = PBXFrameworksBuildPhase;
			buildActionMask = 2147483647;
			files = (
				5E152C6A93644D0207EC89E8 /* Pods_Ad_Demo.framework in Frameworks */,
			);
			runOnlyForDeploymentPostprocessing = 0;
		};
/* End PBXFrameworksBuildPhase section */

/* Begin PBXGroup section */
		4B0DA3099C1C821022B4B6FD /* Frameworks */ = {
			isa = PBXGroup;
			children = (
				90F052FC16C3820729F3D968 /* Pods_Ad_Demo.framework */,
			);
			name = Frameworks;
			sourceTree = "<group>";
		};
		859F771D8DFE11A717C4295D /* Pods */ = {
			isa = PBXGroup;
			children = (
				647179A7DE0D30CB51BD2586 /* Pods-Ad Demo.debug.xcconfig */,
				75014E4CDA26D797F19DCC5F /* Pods-Ad Demo.release.xcconfig */,
			);
			name = Pods;
			sourceTree = "<group>";
		};
		AB3C7F42211C973B00350DD4 /* Current Work */ = {
			isa = PBXGroup;
			children = (
				AB3C7F43211CCD8D00350DD4 /* EventDetailView.swift */,
				AB95CEAA2113C603009184BF /* EventCell.swift */,
				AB95CEA82113C264009184BF /* EventsController.swift */,
			);
			path = "Current Work";
			sourceTree = "<group>";
		};
		AB9132092110AC1E005E8156 = {
			isa = PBXGroup;
			children = (
				AB9132142110AC1E005E8156 /* Ad Demo */,
				AB9132132110AC1E005E8156 /* Products */,
				859F771D8DFE11A717C4295D /* Pods */,
				4B0DA3099C1C821022B4B6FD /* Frameworks */,
			);
			sourceTree = "<group>";
		};
		AB9132132110AC1E005E8156 /* Products */ = {
			isa = PBXGroup;
			children = (
				AB9132122110AC1E005E8156 /* Ad Demo.app */,
			);
			name = Products;
			sourceTree = "<group>";
		};
		AB9132142110AC1E005E8156 /* Ad Demo */ = {
			isa = PBXGroup;
			children = (
				AB95CEA0211255BC009184BF /* GoogleService-Info.plist */,
				AB9132152110AC1E005E8156 /* AppDelegate.swift */,
				AB91322E2110C6BB005E8156 /* Model */,
				AB91322D2110C6B4005E8156 /* View */,
				AB91322C2110C6AC005E8156 /* Controller */,
				AB9132192110AC1E005E8156 /* Main.storyboard */,
				AB3C7F42211C973B00350DD4 /* Current Work */,
				AB95CE9E2112474E009184BF /* Extensions.swift */,
				AB3C7F40211C90DC00350DD4 /* PresentationConstants.swift */,
				AB95CEA421128DDD009184BF /* Firebase Uploader.swift */,
				AB95CEA621129317009184BF /* Firebase URLGetter.swift */,
				AB91321C2110AC20005E8156 /* Assets.xcassets */,
				AB91321E2110AC20005E8156 /* LaunchScreen.storyboard */,
				AB9132212110AC20005E8156 /* Info.plist */,
			);
			path = "Ad Demo";
			sourceTree = "<group>";
		};
		AB91322C2110C6AC005E8156 /* Controller */ = {
			isa = PBXGroup;
			children = (
				AB9132172110AC1E005E8156 /* CategoryController.swift */,
				AB91322F2110F628005E8156 /* CardsController.swift */,
				AB95CEAE2114A438009184BF /* MuseumController.swift */,
				AB3C7F3C211A89E300350DD4 /* PresentationController.swift */,
			);
			path = Controller;
			sourceTree = "<group>";
		};
		AB91322D2110C6B4005E8156 /* View */ = {
			isa = PBXGroup;
			children = (
				AB9132272110BB99005E8156 /* CategoryCell.swift */,
				AB913231211103B1005E8156 /* CardCell.swift */,
				AB95CEAC2114A3A6009184BF /* MuseumCardCell.swift */,
				AB3C7F3E211A92C000350DD4 /* PresentationCell.swift */,
			);
			path = View;
			sourceTree = "<group>";
		};
		AB91322E2110C6BB005E8156 /* Model */ = {
			isa = PBXGroup;
			children = (
				AB95CEA221125B8B009184BF /* Card.swift */,
			);
			path = Model;
			sourceTree = "<group>";
		};
/* End PBXGroup section */

/* Begin PBXNativeTarget section */
		AB9132112110AC1E005E8156 /* Ad Demo */ = {
			isa = PBXNativeTarget;
			buildConfigurationList = AB9132242110AC20005E8156 /* Build configuration list for PBXNativeTarget "Ad Demo" */;
			buildPhases = (
				E516A33FDF48AD2F5C7DDEF7 /* [CP] Check Pods Manifest.lock */,
				AB91320E2110AC1E005E8156 /* Sources */,
				AB91320F2110AC1E005E8156 /* Frameworks */,
				AB9132102110AC1E005E8156 /* Resources */,
				F96E6CE8CCA6BA5F5A926101 /* [CP] Embed Pods Frameworks */,
			);
			buildRules = (
			);
			dependencies = (
			);
			name = "Ad Demo";
			productName = "Ad Demo";
			productReference = AB9132122110AC1E005E8156 /* Ad Demo.app */;
			productType = "com.apple.product-type.application";
		};
/* End PBXNativeTarget section */

/* Begin PBXProject section */
		AB91320A2110AC1E005E8156 /* Project object */ = {
			isa = PBXProject;
			attributes = {
				LastSwiftUpdateCheck = 0940;
				LastUpgradeCheck = 0940;
				ORGANIZATIONNAME = jallen.studios;
				TargetAttributes = {
					AB9132112110AC1E005E8156 = {
						CreatedOnToolsVersion = 9.4;
					};
				};
			};
			buildConfigurationList = AB91320D2110AC1E005E8156 /* Build configuration list for PBXProject "Ad Demo" */;
			compatibilityVersion = "Xcode 9.3";
			developmentRegion = en;
			hasScannedForEncodings = 0;
			knownRegions = (
				en,
				Base,
			);
			mainGroup = AB9132092110AC1E005E8156;
			productRefGroup = AB9132132110AC1E005E8156 /* Products */;
			projectDirPath = "";
			projectRoot = "";
			targets = (
				AB9132112110AC1E005E8156 /* Ad Demo */,
			);
		};
/* End PBXProject section */

/* Begin PBXResourcesBuildPhase section */
		AB9132102110AC1E005E8156 /* Resources */ = {
			isa = PBXResourcesBuildPhase;
			buildActionMask = 2147483647;
			files = (
				AB95CEA1211255BC009184BF /* GoogleService-Info.plist in Resources */,
				AB9132202110AC20005E8156 /* LaunchScreen.storyboard in Resources */,
				AB91321D2110AC20005E8156 /* Assets.xcassets in Resources */,
				AB91321B2110AC1E005E8156 /* Main.storyboard in Resources */,
			);
			runOnlyForDeploymentPostprocessing = 0;
		};
/* End PBXResourcesBuildPhase section */

/* Begin PBXShellScriptBuildPhase section */
		E516A33FDF48AD2F5C7DDEF7 /* [CP] Check Pods Manifest.lock */ = {
			isa = PBXShellScriptBuildPhase;
			buildActionMask = 2147483647;
			files = (
			);
			inputPaths = (
				"${PODS_PODFILE_DIR_PATH}/Podfile.lock",
				"${PODS_ROOT}/Manifest.lock",
			);
			name = "[CP] Check Pods Manifest.lock";
			outputPaths = (
				"$(DERIVED_FILE_DIR)/Pods-Ad Demo-checkManifestLockResult.txt",
			);
			runOnlyForDeploymentPostprocessing = 0;
			shellPath = /bin/sh;
			shellScript = "diff \"${PODS_PODFILE_DIR_PATH}/Podfile.lock\" \"${PODS_ROOT}/Manifest.lock\" > /dev/null\nif [ $? != 0 ] ; then\n    # print error to STDERR\n    echo \"error: The sandbox is not in sync with the Podfile.lock. Run 'pod install' or update your CocoaPods installation.\" >&2\n    exit 1\nfi\n# This output is used by Xcode 'outputs' to avoid re-running this script phase.\necho \"SUCCESS\" > \"${SCRIPT_OUTPUT_FILE_0}\"\n";
			showEnvVarsInLog = 0;
		};
		F96E6CE8CCA6BA5F5A926101 /* [CP] Embed Pods Frameworks */ = {
			isa = PBXShellScriptBuildPhase;
			buildActionMask = 2147483647;
			files = (
			);
			inputPaths = (
				"${SRCROOT}/Pods/Target Support Files/Pods-Ad Demo/Pods-Ad Demo-frameworks.sh",
				"${BUILT_PRODUCTS_DIR}/GTMSessionFetcher/GTMSessionFetcher.framework",
				"${BUILT_PRODUCTS_DIR}/GoogleToolboxForMac/GoogleToolboxForMac.framework",
				"${BUILT_PRODUCTS_DIR}/leveldb-library/leveldb.framework",
				"${BUILT_PRODUCTS_DIR}/nanopb/nanopb.framework",
			);
			name = "[CP] Embed Pods Frameworks";
			outputPaths = (
				"${TARGET_BUILD_DIR}/${FRAMEWORKS_FOLDER_PATH}/GTMSessionFetcher.framework",
				"${TARGET_BUILD_DIR}/${FRAMEWORKS_FOLDER_PATH}/GoogleToolboxForMac.framework",
				"${TARGET_BUILD_DIR}/${FRAMEWORKS_FOLDER_PATH}/leveldb.framework",
				"${TARGET_BUILD_DIR}/${FRAMEWORKS_FOLDER_PATH}/nanopb.framework",
			);
			runOnlyForDeploymentPostprocessing = 0;
			shellPath = /bin/sh;
			shellScript = "\"${SRCROOT}/Pods/Target Support Files/Pods-Ad Demo/Pods-Ad Demo-frameworks.sh\"\n";
			showEnvVarsInLog = 0;
		};
/* End PBXShellScriptBuildPhase section */

/* Begin PBXSourcesBuildPhase section */
		AB91320E2110AC1E005E8156 /* Sources */ = {
			isa = PBXSourcesBuildPhase;
			buildActionMask = 2147483647;
			files = (
				AB913232211103B1005E8156 /* CardCell.swift in Sources */,
				AB95CEAD2114A3A6009184BF /* MuseumCardCell.swift in Sources */,
				AB95CE9F2112474E009184BF /* Extensions.swift in Sources */,
				AB95CEA721129317009184BF /* Firebase URLGetter.swift in Sources */,
				AB95CEA321125B8B009184BF /* Card.swift in Sources */,
				AB3C7F44211CCD8D00350DD4 /* EventDetailView.swift in Sources */,
				AB95CEA92113C264009184BF /* EventsController.swift in Sources */,
				AB9132182110AC1E005E8156 /* CategoryController.swift in Sources */,
				AB95CEAF2114A438009184BF /* MuseumController.swift in Sources */,
				AB95CEAB2113C603009184BF /* EventCell.swift in Sources */,
				AB9132162110AC1E005E8156 /* AppDelegate.swift in Sources */,
				AB9132282110BB99005E8156 /* CategoryCell.swift in Sources */,
				AB9132302110F628005E8156 /* CardsController.swift in Sources */,
				AB95CEA521128DDD009184BF /* Firebase Uploader.swift in Sources */,
				AB3C7F3D211A89E300350DD4 /* PresentationController.swift in Sources */,
				AB3C7F3F211A92C000350DD4 /* PresentationCell.swift in Sources */,
				AB3C7F41211C90DC00350DD4 /* PresentationConstants.swift in Sources */,
			);
			runOnlyForDeploymentPostprocessing = 0;
		};
/* End PBXSourcesBuildPhase section */

/* Begin PBXVariantGroup section */
		AB9132192110AC1E005E8156 /* Main.storyboard */ = {
			isa = PBXVariantGroup;
			children = (
				AB91321A2110AC1E005E8156 /* Base */,
			);
			name = Main.storyboard;
			sourceTree = "<group>";
		};
		AB91321E2110AC20005E8156 /* LaunchScreen.storyboard */ = {
			isa = PBXVariantGroup;
			children = (
				AB91321F2110AC20005E8156 /* Base */,
			);
			name = LaunchScreen.storyboard;
			sourceTree = "<group>";
		};
/* End PBXVariantGroup section */

/* Begin XCBuildConfiguration section */
		AB9132222110AC20005E8156 /* Debug */ = {
			isa = XCBuildConfiguration;
			buildSettings = {
				ALWAYS_SEARCH_USER_PATHS = NO;
				CLANG_ANALYZER_NONNULL = YES;
				CLANG_ANALYZER_NUMBER_OBJECT_CONVERSION = YES_AGGRESSIVE;
				CLANG_CXX_LANGUAGE_STANDARD = "gnu++14";
				CLANG_CXX_LIBRARY = "libc++";
				CLANG_ENABLE_MODULES = YES;
				CLANG_ENABLE_OBJC_ARC = YES;
				CLANG_ENABLE_OBJC_WEAK = YES;
				CLANG_WARN_BLOCK_CAPTURE_AUTORELEASING = YES;
				CLANG_WARN_BOOL_CONVERSION = YES;
				CLANG_WARN_COMMA = YES;
				CLANG_WARN_CONSTANT_CONVERSION = YES;
				CLANG_WARN_DEPRECATED_OBJC_IMPLEMENTATIONS = YES;
				CLANG_WARN_DIRECT_OBJC_ISA_USAGE = YES_ERROR;
				CLANG_WARN_DOCUMENTATION_COMMENTS = YES;
				CLANG_WARN_EMPTY_BODY = YES;
				CLANG_WARN_ENUM_CONVERSION = YES;
				CLANG_WARN_INFINITE_RECURSION = YES;
				CLANG_WARN_INT_CONVERSION = YES;
				CLANG_WARN_NON_LITERAL_NULL_CONVERSION = YES;
				CLANG_WARN_OBJC_IMPLICIT_RETAIN_SELF = YES;
				CLANG_WARN_OBJC_LITERAL_CONVERSION = YES;
				CLANG_WARN_OBJC_ROOT_CLASS = YES_ERROR;
				CLANG_WARN_RANGE_LOOP_ANALYSIS = YES;
				CLANG_WARN_STRICT_PROTOTYPES = YES;
				CLANG_WARN_SUSPICIOUS_MOVE = YES;
				CLANG_WARN_UNGUARDED_AVAILABILITY = YES_AGGRESSIVE;
				CLANG_WARN_UNREACHABLE_CODE = YES;
				CLANG_WARN__DUPLICATE_METHOD_MATCH = YES;
				CODE_SIGN_IDENTITY = "iPhone Developer";
				COPY_PHASE_STRIP = NO;
				DEBUG_INFORMATION_FORMAT = dwarf;
				ENABLE_STRICT_OBJC_MSGSEND = YES;
				ENABLE_TESTABILITY = YES;
				GCC_C_LANGUAGE_STANDARD = gnu11;
				GCC_DYNAMIC_NO_PIC = NO;
				GCC_NO_COMMON_BLOCKS = YES;
				GCC_OPTIMIZATION_LEVEL = 0;
				GCC_PREPROCESSOR_DEFINITIONS = (
					"DEBUG=1",
					"$(inherited)",
				);
				GCC_WARN_64_TO_32_BIT_CONVERSION = YES;
				GCC_WARN_ABOUT_RETURN_TYPE = YES_ERROR;
				GCC_WARN_UNDECLARED_SELECTOR = YES;
				GCC_WARN_UNINITIALIZED_AUTOS = YES_AGGRESSIVE;
				GCC_WARN_UNUSED_FUNCTION = YES;
				GCC_WARN_UNUSED_VARIABLE = YES;
				IPHONEOS_DEPLOYMENT_TARGET = 11.4;
				MTL_ENABLE_DEBUG_INFO = YES;
				ONLY_ACTIVE_ARCH = YES;
				SDKROOT = iphoneos;
				SWIFT_ACTIVE_COMPILATION_CONDITIONS = DEBUG;
				SWIFT_OPTIMIZATION_LEVEL = "-Onone";
			};
			name = Debug;
		};
		AB9132232110AC20005E8156 /* Release */ = {
			isa = XCBuildConfiguration;
			buildSettings = {
				ALWAYS_SEARCH_USER_PATHS = NO;
				CLANG_ANALYZER_NONNULL = YES;
				CLANG_ANALYZER_NUMBER_OBJECT_CONVERSION = YES_AGGRESSIVE;
				CLANG_CXX_LANGUAGE_STANDARD = "gnu++14";
				CLANG_CXX_LIBRARY = "libc++";
				CLANG_ENABLE_MODULES = YES;
				CLANG_ENABLE_OBJC_ARC = YES;
				CLANG_ENABLE_OBJC_WEAK = YES;
				CLANG_WARN_BLOCK_CAPTURE_AUTORELEASING = YES;
				CLANG_WARN_BOOL_CONVERSION = YES;
				CLANG_WARN_COMMA = YES;
				CLANG_WARN_CONSTANT_CONVERSION = YES;
				CLANG_WARN_DEPRECATED_OBJC_IMPLEMENTATIONS = YES;
				CLANG_WARN_DIRECT_OBJC_ISA_USAGE = YES_ERROR;
				CLANG_WARN_DOCUMENTATION_COMMENTS = YES;
				CLANG_WARN_EMPTY_BODY = YES;
				CLANG_WARN_ENUM_CONVERSION = YES;
				CLANG_WARN_INFINITE_RECURSION = YES;
				CLANG_WARN_INT_CONVERSION = YES;
				CLANG_WARN_NON_LITERAL_NULL_CONVERSION = YES;
				CLANG_WARN_OBJC_IMPLICIT_RETAIN_SELF = YES;
				CLANG_WARN_OBJC_LITERAL_CONVERSION = YES;
				CLANG_WARN_OBJC_ROOT_CLASS = YES_ERROR;
				CLANG_WARN_RANGE_LOOP_ANALYSIS = YES;
				CLANG_WARN_STRICT_PROTOTYPES = YES;
				CLANG_WARN_SUSPICIOUS_MOVE = YES;
				CLANG_WARN_UNGUARDED_AVAILABILITY = YES_AGGRESSIVE;
				CLANG_WARN_UNREACHABLE_CODE = YES;
				CLANG_WARN__DUPLICATE_METHOD_MATCH = YES;
				CODE_SIGN_IDENTITY = "iPhone Developer";
				COPY_PHASE_STRIP = NO;
				DEBUG_INFORMATION_FORMAT = "dwarf-with-dsym";
				ENABLE_NS_ASSERTIONS = NO;
				ENABLE_STRICT_OBJC_MSGSEND = YES;
				GCC_C_LANGUAGE_STANDARD = gnu11;
				GCC_NO_COMMON_BLOCKS = YES;
				GCC_WARN_64_TO_32_BIT_CONVERSION = YES;
				GCC_WARN_ABOUT_RETURN_TYPE = YES_ERROR;
				GCC_WARN_UNDECLARED_SELECTOR = YES;
				GCC_WARN_UNINITIALIZED_AUTOS = YES_AGGRESSIVE;
				GCC_WARN_UNUSED_FUNCTION = YES;
				GCC_WARN_UNUSED_VARIABLE = YES;
				IPHONEOS_DEPLOYMENT_TARGET = 11.4;
				MTL_ENABLE_DEBUG_INFO = NO;
				SDKROOT = iphoneos;
				SWIFT_COMPILATION_MODE = wholemodule;
				SWIFT_OPTIMIZATION_LEVEL = "-O";
				VALIDATE_PRODUCT = YES;
			};
			name = Release;
		};
		AB9132252110AC20005E8156 /* Debug */ = {
			isa = XCBuildConfiguration;
			baseConfigurationReference = 647179A7DE0D30CB51BD2586 /* Pods-Ad Demo.debug.xcconfig */;
			buildSettings = {
				ASSETCATALOG_COMPILER_APPICON_NAME = AppIcon;
				CODE_SIGN_STYLE = Automatic;
				DEVELOPMENT_TEAM = MMWBDUR663;
				INFOPLIST_FILE = "Ad Demo/Info.plist";
				LD_RUNPATH_SEARCH_PATHS = (
					"$(inherited)",
					"@executable_path/Frameworks",
				);
				PRODUCT_BUNDLE_IDENTIFIER = "jallen.studios.Ad-Demo";
				PRODUCT_NAME = "$(TARGET_NAME)";
				SWIFT_VERSION = 4.0;
				TARGETED_DEVICE_FAMILY = "1,2";
			};
			name = Debug;
		};
		AB9132262110AC20005E8156 /* Release */ = {
			isa = XCBuildConfiguration;
			baseConfigurationReference = 75014E4CDA26D797F19DCC5F /* Pods-Ad Demo.release.xcconfig */;
			buildSettings = {
				ASSETCATALOG_COMPILER_APPICON_NAME = AppIcon;
				CODE_SIGN_STYLE = Automatic;
				DEVELOPMENT_TEAM = MMWBDUR663;
				INFOPLIST_FILE = "Ad Demo/Info.plist";
				LD_RUNPATH_SEARCH_PATHS = (
					"$(inherited)",
					"@executable_path/Frameworks",
				);
				PRODUCT_BUNDLE_IDENTIFIER = "jallen.studios.Ad-Demo";
				PRODUCT_NAME = "$(TARGET_NAME)";
				SWIFT_VERSION = 4.0;
				TARGETED_DEVICE_FAMILY = "1,2";
			};
			name = Release;
		};
/* End XCBuildConfiguration section */

/* Begin XCConfigurationList section */
		AB91320D2110AC1E005E8156 /* Build configuration list for PBXProject "Ad Demo" */ = {
			isa = XCConfigurationList;
			buildConfigurations = (
				AB9132222110AC20005E8156 /* Debug */,
				AB9132232110AC20005E8156 /* Release */,
			);
			defaultConfigurationIsVisible = 0;
			defaultConfigurationName = Release;
		};
		AB9132242110AC20005E8156 /* Build configuration list for PBXNativeTarget "Ad Demo" */ = {
			isa = XCConfigurationList;
			buildConfigurations = (
				AB9132252110AC20005E8156 /* Debug */,
				AB9132262110AC20005E8156 /* Release */,
			);
			defaultConfigurationIsVisible = 0;
			defaultConfigurationName = Release;
		};
/* End XCConfigurationList section */
	};
	rootObject = AB91320A2110AC1E005E8156 /* Project object */;
}
